// !$*UTF8*$!
{
	archiveVersion = 1;
	classes = {
	};
	objectVersion = 48;
	objects = {

/* Begin PBXBuildFile section */
		BC5C47B21FA1DCBE00A0CE63 /* MYAsyncSocket.m in Sources */ = {isa = PBXBuildFile; fileRef = BC5C47B11FA1DCBE00A0CE63 /* MYAsyncSocket.m */; };
		BC926AB71FA092FB003B96B5 /* main.m in Sources */ = {isa = PBXBuildFile; fileRef = BC926AB61FA092FB003B96B5 /* main.m */; };
		BC926AC31FA09328003B96B5 /* GCDAsyncSocket.m in Sources */ = {isa = PBXBuildFile; fileRef = BC926AC01FA09327003B96B5 /* GCDAsyncSocket.m */; };
		BC926AC41FA09328003B96B5 /* MYServerManager.m in Sources */ = {isa = PBXBuildFile; fileRef = BC926AC21FA09327003B96B5 /* MYServerManager.m */; };
/* End PBXBuildFile section */

/* Begin PBXCopyFilesBuildPhase section */
		BC926AB11FA092FB003B96B5 /* CopyFiles */ = {
			isa = PBXCopyFilesBuildPhase;
			buildActionMask = 2147483647;
			dstPath = /usr/share/man/man1/;
			dstSubfolderSpec = 0;
			files = (
			);
			runOnlyForDeploymentPostprocessing = 1;
		};
/* End PBXCopyFilesBuildPhase section */

/* Begin PBXFileReference section */
		BC5C47B01FA1DCBE00A0CE63 /* MYAsyncSocket.h */ = {isa = PBXFileReference; lastKnownFileType = sourcecode.c.h; path = MYAsyncSocket.h; sourceTree = "<group>"; };
		BC5C47B11FA1DCBE00A0CE63 /* MYAsyncSocket.m */ = {isa = PBXFileReference; lastKnownFileType = sourcecode.c.objc; path = MYAsyncSocket.m; sourceTree = "<group>"; };
		BC926AB31FA092FB003B96B5 /* IM服务端 */ = {isa = PBXFileReference; explicitFileType = "compiled.mach-o.executable"; includeInIndex = 0; path = "IM服务端"; sourceTree = BUILT_PRODUCTS_DIR; };
		BC926AB61FA092FB003B96B5 /* main.m */ = {isa = PBXFileReference; lastKnownFileType = sourcecode.c.objc; path = main.m; sourceTree = "<group>"; };
		BC926ABF1FA09327003B96B5 /* GCDAsyncSocket.h */ = {isa = PBXFileReference; fileEncoding = 4; lastKnownFileType = sourcecode.c.h; path = GCDAsyncSocket.h; sourceTree = "<group>"; };
		BC926AC01FA09327003B96B5 /* GCDAsyncSocket.m */ = {isa = PBXFileReference; fileEncoding = 4; lastKnownFileType = sourcecode.c.objc; path = GCDAsyncSocket.m; sourceTree = "<group>"; };
		BC926AC11FA09327003B96B5 /* MYServerManager.h */ = {isa = PBXFileReference; fileEncoding = 4; lastKnownFileType = sourcecode.c.h; path = MYServerManager.h; sourceTree = "<group>"; };
		BC926AC21FA09327003B96B5 /* MYServerManager.m */ = {isa = PBXFileReference; fileEncoding = 4; lastKnownFileType = sourcecode.c.objc; path = MYServerManager.m; sourceTree = "<group>"; };
/* End PBXFileReference section */

/* Begin PBXFrameworksBuildPhase section */
		BC926AB01FA092FB003B96B5 /* Frameworks */ = {
			isa = PBXFrameworksBuildPhase;
			buildActionMask = 2147483647;
			files = (
			);
			runOnlyForDeploymentPostprocessing = 0;
		};
/* End PBXFrameworksBuildPhase section */

/* Begin PBXGroup section */
		BC926AAA1FA092FB003B96B5 = {
			isa = PBXGroup;
			children = (
				BC926AB51FA092FB003B96B5 /* IM服务端 */,
				BC926AB41FA092FB003B96B5 /* Products */,
			);
			sourceTree = "<group>";
		};
		BC926AB41FA092FB003B96B5 /* Products */ = {
			isa = PBXGroup;
			children = (
				BC926AB31FA092FB003B96B5 /* IM服务端 */,
			);
			name = Products;
			sourceTree = "<group>";
		};
		BC926AB51FA092FB003B96B5 /* IM服务端 */ = {
			isa = PBXGroup;
			children = (
				BC926ABD1FA09327003B96B5 /* MYServerManager */,
				BC926AB61FA092FB003B96B5 /* main.m */,
			);
			path = "IM服务端";
			sourceTree = "<group>";
		};
		BC926ABD1FA09327003B96B5 /* MYServerManager */ = {
			isa = PBXGroup;
			children = (
				BC926ABE1FA09327003B96B5 /* GCD */,
				BC926AC11FA09327003B96B5 /* MYServerManager.h */,
				BC926AC21FA09327003B96B5 /* MYServerManager.m */,
				BC5C47B01FA1DCBE00A0CE63 /* MYAsyncSocket.h */,
				BC5C47B11FA1DCBE00A0CE63 /* MYAsyncSocket.m */,
			);
			path = MYServerManager;
			sourceTree = "<group>";
		};
		BC926ABE1FA09327003B96B5 /* GCD */ = {
			isa = PBXGroup;
			children = (
				BC926ABF1FA09327003B96B5 /* GCDAsyncSocket.h */,
				BC926AC01FA09327003B96B5 /* GCDAsyncSocket.m */,
			);
			path = GCD;
			sourceTree = "<group>";
		};
/* End PBXGroup section */

/* Begin PBXNativeTarget section */
		BC926AB21FA092FB003B96B5 /* IM服务端 */ = {
			isa = PBXNativeTarget;
			buildConfigurationList = BC926ABA1FA092FB003B96B5 /* Build configuration list for PBXNativeTarget "IM服务端" */;
			buildPhases = (
				BC926AAF1FA092FB003B96B5 /* Sources */,
				BC926AB01FA092FB003B96B5 /* Frameworks */,
				BC926AB11FA092FB003B96B5 /* CopyFiles */,
			);
			buildRules = (
			);
			dependencies = (
			);
			name = "IM服务端";
			productName = "IM服务端";
			productReference = BC926AB31FA092FB003B96B5 /* IM服务端 */;
			productType = "com.apple.product-type.tool";
		};
/* End PBXNativeTarget section */

/* Begin PBXProject section */
		BC926AAB1FA092FB003B96B5 /* Project object */ = {
			isa = PBXProject;
			attributes = {
				LastUpgradeCheck = 0900;
				ORGANIZATIONNAME = mayan;
				TargetAttributes = {
					BC926AB21FA092FB003B96B5 = {
						CreatedOnToolsVersion = 9.0;
						ProvisioningStyle = Automatic;
					};
				};
			};
			buildConfigurationList = BC926AAE1FA092FB003B96B5 /* Build configuration list for PBXProject "IM服务端" */;
			compatibilityVersion = "Xcode 8.0";
			developmentRegion = en;
			hasScannedForEncodings = 0;
			knownRegions = (
				en,
			);
			mainGroup = BC926AAA1FA092FB003B96B5;
			productRefGroup = BC926AB41FA092FB003B96B5 /* Products */;
			projectDirPath = "";
			projectRoot = "";
			targets = (
				BC926AB21FA092FB003B96B5 /* IM服务端 */,
			);
		};
/* End PBXProject section */

/* Begin PBXSourcesBuildPhase section */
		BC926AAF1FA092FB003B96B5 /* Sources */ = {
			isa = PBXSourcesBuildPhase;
			buildActionMask = 2147483647;
			files = (
				BC926AC31FA09328003B96B5 /* GCDAsyncSocket.m in Sources */,
				BC926AB71FA092FB003B96B5 /* main.m in Sources */,
				BC926AC41FA09328003B96B5 /* MYServerManager.m in Sources */,
				BC5C47B21FA1DCBE00A0CE63 /* MYAsyncSocket.m in Sources */,
			);
			runOnlyForDeploymentPostprocessing = 0;
		};
/* End PBXSourcesBuildPhase section */

/* Begin XCBuildConfiguration section */
		BC926AB81FA092FB003B96B5 /* Debug */ = {
			isa = XCBuildConfiguration;
			buildSettings = {
				ALWAYS_SEARCH_USER_PATHS = NO;
				CLANG_ANALYZER_NONNULL = YES;
				CLANG_ANALYZER_NUMBER_OBJECT_CONVERSION = YES_AGGRESSIVE;
				CLANG_CXX_LANGUAGE_STANDARD = "gnu++14";
				CLANG_CXX_LIBRARY = "libc++";
				CLANG_ENABLE_MODULES = YES;
				CLANG_ENABLE_OBJC_ARC = YES;
				CLANG_WARN_BLOCK_CAPTURE_AUTORELEASING = YES;
				CLANG_WARN_BOOL_CONVERSION = YES;
				CLANG_WARN_COMMA = YES;
				CLANG_WARN_CONSTANT_CONVERSION = YES;
				CLANG_WARN_DIRECT_OBJC_ISA_USAGE = YES_ERROR;
				CLANG_WARN_DOCUMENTATION_COMMENTS = YES;
				CLANG_WARN_EMPTY_BODY = YES;
				CLANG_WARN_ENUM_CONVERSION = YES;
				CLANG_WARN_INFINITE_RECURSION = YES;
				CLANG_WARN_INT_CONVERSION = YES;
				CLANG_WARN_NON_LITERAL_NULL_CONVERSION = YES;
				CLANG_WARN_OBJC_LITERAL_CONVERSION = YES;
				CLANG_WARN_OBJC_ROOT_CLASS = YES_ERROR;
				CLANG_WARN_RANGE_LOOP_ANALYSIS = YES;
				CLANG_WARN_STRICT_PROTOTYPES = YES;
				CLANG_WARN_SUSPICIOUS_MOVE = YES;
				CLANG_WARN_UNGUARDED_AVAILABILITY = YES_AGGRESSIVE;
				CLANG_WARN_UNREACHABLE_CODE = YES;
				CLANG_WARN__DUPLICATE_METHOD_MATCH = YES;
				CODE_SIGN_IDENTITY = "Mac Developer";
				COPY_PHASE_STRIP = NO;
				DEBUG_INFORMATION_FORMAT = dwarf;
				ENABLE_STRICT_OBJC_MSGSEND = YES;
				ENABLE_TESTABILITY = YES;
				GCC_C_LANGUAGE_STANDARD = gnu11;
				GCC_DYNAMIC_NO_PIC = NO;
				GCC_NO_COMMON_BLOCKS = YES;
				GCC_OPTIMIZATION_LEVEL = 0;
				GCC_PREPROCESSOR_DEFINITIONS = (
					"DEBUG=1",
					"$(inherited)",
				);
				GCC_WARN_64_TO_32_BIT_CONVERSION = YES;
				GCC_WARN_ABOUT_RETURN_TYPE = YES_ERROR;
				GCC_WARN_UNDECLARED_SELECTOR = YES;
				GCC_WARN_UNINITIALIZED_AUTOS = YES_AGGRESSIVE;
				GCC_WARN_UNUSED_FUNCTION = YES;
				GCC_WARN_UNUSED_VARIABLE = YES;
				MACOSX_DEPLOYMENT_TARGET = 10.12;
				MTL_ENABLE_DEBUG_INFO = YES;
				ONLY_ACTIVE_ARCH = YES;
				SDKROOT = macosx;
			};
			name = Debug;
		};
		BC926AB91FA092FB003B96B5 /* Release */ = {
			isa = XCBuildConfiguration;
			buildSettings = {
				ALWAYS_SEARCH_USER_PATHS = NO;
				CLANG_ANALYZER_NONNULL = YES;
				CLANG_ANALYZER_NUMBER_OBJECT_CONVERSION = YES_AGGRESSIVE;
				CLANG_CXX_LANGUAGE_STANDARD = "gnu++14";
				CLANG_CXX_LIBRARY = "libc++";
				CLANG_ENABLE_MODULES = YES;
				CLANG_ENABLE_OBJC_ARC = YES;
				CLANG_WARN_BLOCK_CAPTURE_AUTORELEASING = YES;
				CLANG_WARN_BOOL_CONVERSION = YES;
				CLANG_WARN_COMMA = YES;
				CLANG_WARN_CONSTANT_CONVERSION = YES;
				CLANG_WARN_DIRECT_OBJC_ISA_USAGE = YES_ERROR;
				CLANG_WARN_DOCUMENTATION_COMMENTS = YES;
				CLANG_WARN_EMPTY_BODY = YES;
				CLANG_WARN_ENUM_CONVERSION = YES;
				CLANG_WARN_INFINITE_RECURSION = YES;
				CLANG_WARN_INT_CONVERSION = YES;
				CLANG_WARN_NON_LITERAL_NULL_CONVERSION = YES;
				CLANG_WARN_OBJC_LITERAL_CONVERSION = YES;
				CLANG_WARN_OBJC_ROOT_CLASS = YES_ERROR;
				CLANG_WARN_RANGE_LOOP_ANALYSIS = YES;
				CLANG_WARN_STRICT_PROTOTYPES = YES;
				CLANG_WARN_SUSPICIOUS_MOVE = YES;
				CLANG_WARN_UNGUARDED_AVAILABILITY = YES_AGGRESSIVE;
				CLANG_WARN_UNREACHABLE_CODE = YES;
				CLANG_WARN__DUPLICATE_METHOD_MATCH = YES;
				CODE_SIGN_IDENTITY = "Mac Developer";
				COPY_PHASE_STRIP = NO;
				DEBUG_INFORMATION_FORMAT = "dwarf-with-dsym";
				ENABLE_NS_ASSERTIONS = NO;
				ENABLE_STRICT_OBJC_MSGSEND = YES;
				GCC_C_LANGUAGE_STANDARD = gnu11;
				GCC_NO_COMMON_BLOCKS = YES;
				GCC_WARN_64_TO_32_BIT_CONVERSION = YES;
				GCC_WARN_ABOUT_RETURN_TYPE = YES_ERROR;
				GCC_WARN_UNDECLARED_SELECTOR = YES;
				GCC_WARN_UNINITIALIZED_AUTOS = YES_AGGRESSIVE;
				GCC_WARN_UNUSED_FUNCTION = YES;
				GCC_WARN_UNUSED_VARIABLE = YES;
				MACOSX_DEPLOYMENT_TARGET = 10.12;
				MTL_ENABLE_DEBUG_INFO = NO;
				SDKROOT = macosx;
			};
			name = Release;
		};
		BC926ABB1FA092FB003B96B5 /* Debug */ = {
			isa = XCBuildConfiguration;
			buildSettings = {
				CODE_SIGN_STYLE = Automatic;
				DEVELOPMENT_TEAM = T5Y5G8MDK4;
				PRODUCT_NAME = "$(TARGET_NAME)";
			};
			name = Debug;
		};
		BC926ABC1FA092FB003B96B5 /* Release */ = {
			isa = XCBuildConfiguration;
			buildSettings = {
				CODE_SIGN_STYLE = Automatic;
				DEVELOPMENT_TEAM = T5Y5G8MDK4;
				PRODUCT_NAME = "$(TARGET_NAME)";
			};
			name = Release;
		};
/* End XCBuildConfiguration section */

/* Begin XCConfigurationList section */
		BC926AAE1FA092FB003B96B5 /* Build configuration list for PBXProject "IM服务端" */ = {
			isa = XCConfigurationList;
			buildConfigurations = (
				BC926AB81FA092FB003B96B5 /* Debug */,
				BC926AB91FA092FB003B96B5 /* Release */,
			);
			defaultConfigurationIsVisible = 0;
			defaultConfigurationName = Release;
		};
		BC926ABA1FA092FB003B96B5 /* Build configuration list for PBXNativeTarget "IM服务端" */ = {
			isa = XCConfigurationList;
			buildConfigurations = (
				BC926ABB1FA092FB003B96B5 /* Debug */,
				BC926ABC1FA092FB003B96B5 /* Release */,
			);
			defaultConfigurationIsVisible = 0;
			defaultConfigurationName = Release;
		};
/* End XCConfigurationList section */
	};
	rootObject = BC926AAB1FA092FB003B96B5 /* Project object */;
}
