// !$*UTF8*$!
{
	archiveVersion = 1;
	classes = {
	};
	objectVersion = 48;
	objects = {

/* Begin PBXBuildFile section */
		BCC53FA31FA71F680077994A /* AppDelegate.m in Sources */ = {isa = PBXBuildFile; fileRef = BCC53FA21FA71F680077994A /* AppDelegate.m */; };
		BCC53FA61FA71F680077994A /* ViewController.m in Sources */ = {isa = PBXBuildFile; fileRef = BCC53FA51FA71F680077994A /* ViewController.m */; };
		BCC53FA91FA71F680077994A /* Main.storyboard in Resources */ = {isa = PBXBuildFile; fileRef = BCC53FA71FA71F680077994A /* Main.storyboard */; };
		BCC53FAB1FA71F680077994A /* Assets.xcassets in Resources */ = {isa = PBXBuildFile; fileRef = BCC53FAA1FA71F680077994A /* Assets.xcassets */; };
		BCC53FAE1FA71F680077994A /* LaunchScreen.storyboard in Resources */ = {isa = PBXBuildFile; fileRef = BCC53FAC1FA71F680077994A /* LaunchScreen.storyboard */; };
		BCC53FB11FA71F680077994A /* main.m in Sources */ = {isa = PBXBuildFile; fileRef = BCC53FB01FA71F680077994A /* main.m */; };
		BCC53FBB1FA71F680077994A /* MYGiftAnimationTests.m in Sources */ = {isa = PBXBuildFile; fileRef = BCC53FBA1FA71F680077994A /* MYGiftAnimationTests.m */; };
		BCC53FC61FA71F680077994A /* MYGiftAnimationUITests.m in Sources */ = {isa = PBXBuildFile; fileRef = BCC53FC51FA71F680077994A /* MYGiftAnimationUITests.m */; };
		BCC53FD61FA809CC0077994A /* MYGiftNumberLabel.m in Sources */ = {isa = PBXBuildFile; fileRef = BCC53FD51FA809CC0077994A /* MYGiftNumberLabel.m */; };
/* End PBXBuildFile section */

/* Begin PBXContainerItemProxy section */
		BCC53FB71FA71F680077994A /* PBXContainerItemProxy */ = {
			isa = PBXContainerItemProxy;
			containerPortal = BCC53F961FA71F680077994A /* Project object */;
			proxyType = 1;
			remoteGlobalIDString = BCC53F9D1FA71F680077994A;
			remoteInfo = MYGiftAnimation;
		};
		BCC53FC21FA71F680077994A /* PBXContainerItemProxy */ = {
			isa = PBXContainerItemProxy;
			containerPortal = BCC53F961FA71F680077994A /* Project object */;
			proxyType = 1;
			remoteGlobalIDString = BCC53F9D1FA71F680077994A;
			remoteInfo = MYGiftAnimation;
		};
/* End PBXContainerItemProxy section */

/* Begin PBXFileReference section */
		BCC53F9E1FA71F680077994A /* MYGiftAnimation.app */ = {isa = PBXFileReference; explicitFileType = wrapper.application; includeInIndex = 0; path = MYGiftAnimation.app; sourceTree = BUILT_PRODUCTS_DIR; };
		BCC53FA11FA71F680077994A /* AppDelegate.h */ = {isa = PBXFileReference; lastKnownFileType = sourcecode.c.h; path = AppDelegate.h; sourceTree = "<group>"; };
		BCC53FA21FA71F680077994A /* AppDelegate.m */ = {isa = PBXFileReference; lastKnownFileType = sourcecode.c.objc; path = AppDelegate.m; sourceTree = "<group>"; };
		BCC53FA41FA71F680077994A /* ViewController.h */ = {isa = PBXFileReference; lastKnownFileType = sourcecode.c.h; path = ViewController.h; sourceTree = "<group>"; };
		BCC53FA51FA71F680077994A /* ViewController.m */ = {isa = PBXFileReference; lastKnownFileType = sourcecode.c.objc; path = ViewController.m; sourceTree = "<group>"; };
		BCC53FA81FA71F680077994A /* Base */ = {isa = PBXFileReference; lastKnownFileType = file.storyboard; name = Base; path = Base.lproj/Main.storyboard; sourceTree = "<group>"; };
		BCC53FAA1FA71F680077994A /* Assets.xcassets */ = {isa = PBXFileReference; lastKnownFileType = folder.assetcatalog; path = Assets.xcassets; sourceTree = "<group>"; };
		BCC53FAD1FA71F680077994A /* Base */ = {isa = PBXFileReference; lastKnownFileType = file.storyboard; name = Base; path = Base.lproj/LaunchScreen.storyboard; sourceTree = "<group>"; };
		BCC53FAF1FA71F680077994A /* Info.plist */ = {isa = PBXFileReference; lastKnownFileType = text.plist.xml; path = Info.plist; sourceTree = "<group>"; };
		BCC53FB01FA71F680077994A /* main.m */ = {isa = PBXFileReference; lastKnownFileType = sourcecode.c.objc; path = main.m; sourceTree = "<group>"; };
		BCC53FB61FA71F680077994A /* MYGiftAnimationTests.xctest */ = {isa = PBXFileReference; explicitFileType = wrapper.cfbundle; includeInIndex = 0; path = MYGiftAnimationTests.xctest; sourceTree = BUILT_PRODUCTS_DIR; };
		BCC53FBA1FA71F680077994A /* MYGiftAnimationTests.m */ = {isa = PBXFileReference; lastKnownFileType = sourcecode.c.objc; path = MYGiftAnimationTests.m; sourceTree = "<group>"; };
		BCC53FBC1FA71F680077994A /* Info.plist */ = {isa = PBXFileReference; lastKnownFileType = text.plist.xml; path = Info.plist; sourceTree = "<group>"; };
		BCC53FC11FA71F680077994A /* MYGiftAnimationUITests.xctest */ = {isa = PBXFileReference; explicitFileType = wrapper.cfbundle; includeInIndex = 0; path = MYGiftAnimationUITests.xctest; sourceTree = BUILT_PRODUCTS_DIR; };
		BCC53FC51FA71F680077994A /* MYGiftAnimationUITests.m */ = {isa = PBXFileReference; lastKnownFileType = sourcecode.c.objc; path = MYGiftAnimationUITests.m; sourceTree = "<group>"; };
		BCC53FC71FA71F680077994A /* Info.plist */ = {isa = PBXFileReference; lastKnownFileType = text.plist.xml; path = Info.plist; sourceTree = "<group>"; };
		BCC53FD41FA809CC0077994A /* MYGiftNumberLabel.h */ = {isa = PBXFileReference; lastKnownFileType = sourcecode.c.h; path = MYGiftNumberLabel.h; sourceTree = "<group>"; };
		BCC53FD51FA809CC0077994A /* MYGiftNumberLabel.m */ = {isa = PBXFileReference; lastKnownFileType = sourcecode.c.objc; path = MYGiftNumberLabel.m; sourceTree = "<group>"; };
/* End PBXFileReference section */

/* Begin PBXFrameworksBuildPhase section */
		BCC53F9B1FA71F680077994A /* Frameworks */ = {
			isa = PBXFrameworksBuildPhase;
			buildActionMask = 2147483647;
			files = (
			);
			runOnlyForDeploymentPostprocessing = 0;
		};
		BCC53FB31FA71F680077994A /* Frameworks */ = {
			isa = PBXFrameworksBuildPhase;
			buildActionMask = 2147483647;
			files = (
			);
			runOnlyForDeploymentPostprocessing = 0;
		};
		BCC53FBE1FA71F680077994A /* Frameworks */ = {
			isa = PBXFrameworksBuildPhase;
			buildActionMask = 2147483647;
			files = (
			);
			runOnlyForDeploymentPostprocessing = 0;
		};
/* End PBXFrameworksBuildPhase section */

/* Begin PBXGroup section */
		BCC53F951FA71F680077994A = {
			isa = PBXGroup;
			children = (
				BCC53FA01FA71F680077994A /* MYGiftAnimation */,
				BCC53FB91FA71F680077994A /* MYGiftAnimationTests */,
				BCC53FC41FA71F680077994A /* MYGiftAnimationUITests */,
				BCC53F9F1FA71F680077994A /* Products */,
			);
			sourceTree = "<group>";
		};
		BCC53F9F1FA71F680077994A /* Products */ = {
			isa = PBXGroup;
			children = (
				BCC53F9E1FA71F680077994A /* MYGiftAnimation.app */,
				BCC53FB61FA71F680077994A /* MYGiftAnimationTests.xctest */,
				BCC53FC11FA71F680077994A /* MYGiftAnimationUITests.xctest */,
			);
			name = Products;
			sourceTree = "<group>";
		};
		BCC53FA01FA71F680077994A /* MYGiftAnimation */ = {
			isa = PBXGroup;
			children = (
				BCC53FD31FA724CA0077994A /* MYGiftAnimationView */,
				BCC53FA11FA71F680077994A /* AppDelegate.h */,
				BCC53FA21FA71F680077994A /* AppDelegate.m */,
				BCC53FA41FA71F680077994A /* ViewController.h */,
				BCC53FA51FA71F680077994A /* ViewController.m */,
				BCC53FA71FA71F680077994A /* Main.storyboard */,
				BCC53FAA1FA71F680077994A /* Assets.xcassets */,
				BCC53FAC1FA71F680077994A /* LaunchScreen.storyboard */,
				BCC53FAF1FA71F680077994A /* Info.plist */,
				BCC53FB01FA71F680077994A /* main.m */,
			);
			path = MYGiftAnimation;
			sourceTree = "<group>";
		};
		BCC53FB91FA71F680077994A /* MYGiftAnimationTests */ = {
			isa = PBXGroup;
			children = (
				BCC53FBA1FA71F680077994A /* MYGiftAnimationTests.m */,
				BCC53FBC1FA71F680077994A /* Info.plist */,
			);
			path = MYGiftAnimationTests;
			sourceTree = "<group>";
		};
		BCC53FC41FA71F680077994A /* MYGiftAnimationUITests */ = {
			isa = PBXGroup;
			children = (
				BCC53FC51FA71F680077994A /* MYGiftAnimationUITests.m */,
				BCC53FC71FA71F680077994A /* Info.plist */,
			);
			path = MYGiftAnimationUITests;
			sourceTree = "<group>";
		};
		BCC53FD31FA724CA0077994A /* MYGiftAnimationView */ = {
			isa = PBXGroup;
			children = (
				BCC53FD41FA809CC0077994A /* MYGiftNumberLabel.h */,
				BCC53FD51FA809CC0077994A /* MYGiftNumberLabel.m */,
			);
			path = MYGiftAnimationView;
			sourceTree = "<group>";
		};
/* End PBXGroup section */

/* Begin PBXNativeTarget section */
		BCC53F9D1FA71F680077994A /* MYGiftAnimation */ = {
			isa = PBXNativeTarget;
			buildConfigurationList = BCC53FCA1FA71F680077994A /* Build configuration list for PBXNativeTarget "MYGiftAnimation" */;
			buildPhases = (
				BCC53F9A1FA71F680077994A /* Sources */,
				BCC53F9B1FA71F680077994A /* Frameworks */,
				BCC53F9C1FA71F680077994A /* Resources */,
			);
			buildRules = (
			);
			dependencies = (
			);
			name = MYGiftAnimation;
			productName = MYGiftAnimation;
			productReference = BCC53F9E1FA71F680077994A /* MYGiftAnimation.app */;
			productType = "com.apple.product-type.application";
		};
		BCC53FB51FA71F680077994A /* MYGiftAnimationTests */ = {
			isa = PBXNativeTarget;
			buildConfigurationList = BCC53FCD1FA71F680077994A /* Build configuration list for PBXNativeTarget "MYGiftAnimationTests" */;
			buildPhases = (
				BCC53FB21FA71F680077994A /* Sources */,
				BCC53FB31FA71F680077994A /* Frameworks */,
				BCC53FB41FA71F680077994A /* Resources */,
			);
			buildRules = (
			);
			dependencies = (
				BCC53FB81FA71F680077994A /* PBXTargetDependency */,
			);
			name = MYGiftAnimationTests;
			productName = MYGiftAnimationTests;
			productReference = BCC53FB61FA71F680077994A /* MYGiftAnimationTests.xctest */;
			productType = "com.apple.product-type.bundle.unit-test";
		};
		BCC53FC01FA71F680077994A /* MYGiftAnimationUITests */ = {
			isa = PBXNativeTarget;
			buildConfigurationList = BCC53FD01FA71F680077994A /* Build configuration list for PBXNativeTarget "MYGiftAnimationUITests" */;
			buildPhases = (
				BCC53FBD1FA71F680077994A /* Sources */,
				BCC53FBE1FA71F680077994A /* Frameworks */,
				BCC53FBF1FA71F680077994A /* Resources */,
			);
			buildRules = (
			);
			dependencies = (
				BCC53FC31FA71F680077994A /* PBXTargetDependency */,
			);
			name = MYGiftAnimationUITests;
			productName = MYGiftAnimationUITests;
			productReference = BCC53FC11FA71F680077994A /* MYGiftAnimationUITests.xctest */;
			productType = "com.apple.product-type.bundle.ui-testing";
		};
/* End PBXNativeTarget section */

/* Begin PBXProject section */
		BCC53F961FA71F680077994A /* Project object */ = {
			isa = PBXProject;
			attributes = {
				LastUpgradeCheck = 0900;
				ORGANIZATIONNAME = mayan;
				TargetAttributes = {
					BCC53F9D1FA71F680077994A = {
						CreatedOnToolsVersion = 9.0.1;
						ProvisioningStyle = Automatic;
					};
					BCC53FB51FA71F680077994A = {
						CreatedOnToolsVersion = 9.0.1;
						ProvisioningStyle = Automatic;
						TestTargetID = BCC53F9D1FA71F680077994A;
					};
					BCC53FC01FA71F680077994A = {
						CreatedOnToolsVersion = 9.0.1;
						ProvisioningStyle = Automatic;
						TestTargetID = BCC53F9D1FA71F680077994A;
					};
				};
			};
			buildConfigurationList = BCC53F991FA71F680077994A /* Build configuration list for PBXProject "MYGiftAnimation" */;
			compatibilityVersion = "Xcode 8.0";
			developmentRegion = en;
			hasScannedForEncodings = 0;
			knownRegions = (
				en,
				Base,
			);
			mainGroup = BCC53F951FA71F680077994A;
			productRefGroup = BCC53F9F1FA71F680077994A /* Products */;
			projectDirPath = "";
			projectRoot = "";
			targets = (
				BCC53F9D1FA71F680077994A /* MYGiftAnimation */,
				BCC53FB51FA71F680077994A /* MYGiftAnimationTests */,
				BCC53FC01FA71F680077994A /* MYGiftAnimationUITests */,
			);
		};
/* End PBXProject section */

/* Begin PBXResourcesBuildPhase section */
		BCC53F9C1FA71F680077994A /* Resources */ = {
			isa = PBXResourcesBuildPhase;
			buildActionMask = 2147483647;
			files = (
				BCC53FAE1FA71F680077994A /* LaunchScreen.storyboard in Resources */,
				BCC53FAB1FA71F680077994A /* Assets.xcassets in Resources */,
				BCC53FA91FA71F680077994A /* Main.storyboard in Resources */,
			);
			runOnlyForDeploymentPostprocessing = 0;
		};
		BCC53FB41FA71F680077994A /* Resources */ = {
			isa = PBXResourcesBuildPhase;
			buildActionMask = 2147483647;
			files = (
			);
			runOnlyForDeploymentPostprocessing = 0;
		};
		BCC53FBF1FA71F680077994A /* Resources */ = {
			isa = PBXResourcesBuildPhase;
			buildActionMask = 2147483647;
			files = (
			);
			runOnlyForDeploymentPostprocessing = 0;
		};
/* End PBXResourcesBuildPhase section */

/* Begin PBXSourcesBuildPhase section */
		BCC53F9A1FA71F680077994A /* Sources */ = {
			isa = PBXSourcesBuildPhase;
			buildActionMask = 2147483647;
			files = (
				BCC53FA61FA71F680077994A /* ViewController.m in Sources */,
				BCC53FB11FA71F680077994A /* main.m in Sources */,
				BCC53FA31FA71F680077994A /* AppDelegate.m in Sources */,
				BCC53FD61FA809CC0077994A /* MYGiftNumberLabel.m in Sources */,
			);
			runOnlyForDeploymentPostprocessing = 0;
		};
		BCC53FB21FA71F680077994A /* Sources */ = {
			isa = PBXSourcesBuildPhase;
			buildActionMask = 2147483647;
			files = (
				BCC53FBB1FA71F680077994A /* MYGiftAnimationTests.m in Sources */,
			);
			runOnlyForDeploymentPostprocessing = 0;
		};
		BCC53FBD1FA71F680077994A /* Sources */ = {
			isa = PBXSourcesBuildPhase;
			buildActionMask = 2147483647;
			files = (
				BCC53FC61FA71F680077994A /* MYGiftAnimationUITests.m in Sources */,
			);
			runOnlyForDeploymentPostprocessing = 0;
		};
/* End PBXSourcesBuildPhase section */

/* Begin PBXTargetDependency section */
		BCC53FB81FA71F680077994A /* PBXTargetDependency */ = {
			isa = PBXTargetDependency;
			target = BCC53F9D1FA71F680077994A /* MYGiftAnimation */;
			targetProxy = BCC53FB71FA71F680077994A /* PBXContainerItemProxy */;
		};
		BCC53FC31FA71F680077994A /* PBXTargetDependency */ = {
			isa = PBXTargetDependency;
			target = BCC53F9D1FA71F680077994A /* MYGiftAnimation */;
			targetProxy = BCC53FC21FA71F680077994A /* PBXContainerItemProxy */;
		};
/* End PBXTargetDependency section */

/* Begin PBXVariantGroup section */
		BCC53FA71FA71F680077994A /* Main.storyboard */ = {
			isa = PBXVariantGroup;
			children = (
				BCC53FA81FA71F680077994A /* Base */,
			);
			name = Main.storyboard;
			sourceTree = "<group>";
		};
		BCC53FAC1FA71F680077994A /* LaunchScreen.storyboard */ = {
			isa = PBXVariantGroup;
			children = (
				BCC53FAD1FA71F680077994A /* Base */,
			);
			name = LaunchScreen.storyboard;
			sourceTree = "<group>";
		};
/* End PBXVariantGroup section */

/* Begin XCBuildConfiguration section */
		BCC53FC81FA71F680077994A /* Debug */ = {
			isa = XCBuildConfiguration;
			buildSettings = {
				ALWAYS_SEARCH_USER_PATHS = NO;
				CLANG_ANALYZER_NONNULL = YES;
				CLANG_ANALYZER_NUMBER_OBJECT_CONVERSION = YES_AGGRESSIVE;
				CLANG_CXX_LANGUAGE_STANDARD = "gnu++14";
				CLANG_CXX_LIBRARY = "libc++";
				CLANG_ENABLE_MODULES = YES;
				CLANG_ENABLE_OBJC_ARC = YES;
				CLANG_WARN_BLOCK_CAPTURE_AUTORELEASING = YES;
				CLANG_WARN_BOOL_CONVERSION = YES;
				CLANG_WARN_COMMA = YES;
				CLANG_WARN_CONSTANT_CONVERSION = YES;
				CLANG_WARN_DIRECT_OBJC_ISA_USAGE = YES_ERROR;
				CLANG_WARN_DOCUMENTATION_COMMENTS = YES;
				CLANG_WARN_EMPTY_BODY = YES;
				CLANG_WARN_ENUM_CONVERSION = YES;
				CLANG_WARN_INFINITE_RECURSION = YES;
				CLANG_WARN_INT_CONVERSION = YES;
				CLANG_WARN_NON_LITERAL_NULL_CONVERSION = YES;
				CLANG_WARN_OBJC_LITERAL_CONVERSION = YES;
				CLANG_WARN_OBJC_ROOT_CLASS = YES_ERROR;
				CLANG_WARN_RANGE_LOOP_ANALYSIS = YES;
				CLANG_WARN_STRICT_PROTOTYPES = YES;
				CLANG_WARN_SUSPICIOUS_MOVE = YES;
				CLANG_WARN_UNGUARDED_AVAILABILITY = YES_AGGRESSIVE;
				CLANG_WARN_UNREACHABLE_CODE = YES;
				CLANG_WARN__DUPLICATE_METHOD_MATCH = YES;
				CODE_SIGN_IDENTITY = "iPhone Developer";
				COPY_PHASE_STRIP = NO;
				DEBUG_INFORMATION_FORMAT = dwarf;
				ENABLE_STRICT_OBJC_MSGSEND = YES;
				ENABLE_TESTABILITY = YES;
				GCC_C_LANGUAGE_STANDARD = gnu11;
				GCC_DYNAMIC_NO_PIC = NO;
				GCC_NO_COMMON_BLOCKS = YES;
				GCC_OPTIMIZATION_LEVEL = 0;
				GCC_PREPROCESSOR_DEFINITIONS = (
					"DEBUG=1",
					"$(inherited)",
				);
				GCC_WARN_64_TO_32_BIT_CONVERSION = YES;
				GCC_WARN_ABOUT_RETURN_TYPE = YES_ERROR;
				GCC_WARN_UNDECLARED_SELECTOR = YES;
				GCC_WARN_UNINITIALIZED_AUTOS = YES_AGGRESSIVE;
				GCC_WARN_UNUSED_FUNCTION = YES;
				GCC_WARN_UNUSED_VARIABLE = YES;
				IPHONEOS_DEPLOYMENT_TARGET = 11.0;
				MTL_ENABLE_DEBUG_INFO = YES;
				ONLY_ACTIVE_ARCH = YES;
				SDKROOT = iphoneos;
			};
			name = Debug;
		};
		BCC53FC91FA71F680077994A /* Release */ = {
			isa = XCBuildConfiguration;
			buildSettings = {
				ALWAYS_SEARCH_USER_PATHS = NO;
				CLANG_ANALYZER_NONNULL = YES;
				CLANG_ANALYZER_NUMBER_OBJECT_CONVERSION = YES_AGGRESSIVE;
				CLANG_CXX_LANGUAGE_STANDARD = "gnu++14";
				CLANG_CXX_LIBRARY = "libc++";
				CLANG_ENABLE_MODULES = YES;
				CLANG_ENABLE_OBJC_ARC = YES;
				CLANG_WARN_BLOCK_CAPTURE_AUTORELEASING = YES;
				CLANG_WARN_BOOL_CONVERSION = YES;
				CLANG_WARN_COMMA = YES;
				CLANG_WARN_CONSTANT_CONVERSION = YES;
				CLANG_WARN_DIRECT_OBJC_ISA_USAGE = YES_ERROR;
				CLANG_WARN_DOCUMENTATION_COMMENTS = YES;
				CLANG_WARN_EMPTY_BODY = YES;
				CLANG_WARN_ENUM_CONVERSION = YES;
				CLANG_WARN_INFINITE_RECURSION = YES;
				CLANG_WARN_INT_CONVERSION = YES;
				CLANG_WARN_NON_LITERAL_NULL_CONVERSION = YES;
				CLANG_WARN_OBJC_LITERAL_CONVERSION = YES;
				CLANG_WARN_OBJC_ROOT_CLASS = YES_ERROR;
				CLANG_WARN_RANGE_LOOP_ANALYSIS = YES;
				CLANG_WARN_STRICT_PROTOTYPES = YES;
				CLANG_WARN_SUSPICIOUS_MOVE = YES;
				CLANG_WARN_UNGUARDED_AVAILABILITY = YES_AGGRESSIVE;
				CLANG_WARN_UNREACHABLE_CODE = YES;
				CLANG_WARN__DUPLICATE_METHOD_MATCH = YES;
				CODE_SIGN_IDENTITY = "iPhone Developer";
				COPY_PHASE_STRIP = NO;
				DEBUG_INFORMATION_FORMAT = "dwarf-with-dsym";
				ENABLE_NS_ASSERTIONS = NO;
				ENABLE_STRICT_OBJC_MSGSEND = YES;
				GCC_C_LANGUAGE_STANDARD = gnu11;
				GCC_NO_COMMON_BLOCKS = YES;
				GCC_WARN_64_TO_32_BIT_CONVERSION = YES;
				GCC_WARN_ABOUT_RETURN_TYPE = YES_ERROR;
				GCC_WARN_UNDECLARED_SELECTOR = YES;
				GCC_WARN_UNINITIALIZED_AUTOS = YES_AGGRESSIVE;
				GCC_WARN_UNUSED_FUNCTION = YES;
				GCC_WARN_UNUSED_VARIABLE = YES;
				IPHONEOS_DEPLOYMENT_TARGET = 11.0;
				MTL_ENABLE_DEBUG_INFO = NO;
				SDKROOT = iphoneos;
				VALIDATE_PRODUCT = YES;
			};
			name = Release;
		};
		BCC53FCB1FA71F680077994A /* Debug */ = {
			isa = XCBuildConfiguration;
			buildSettings = {
				ASSETCATALOG_COMPILER_APPICON_NAME = AppIcon;
				CODE_SIGN_STYLE = Automatic;
				DEVELOPMENT_TEAM = T5Y5G8MDK4;
				INFOPLIST_FILE = MYGiftAnimation/Info.plist;
				IPHONEOS_DEPLOYMENT_TARGET = 8.0;
				LD_RUNPATH_SEARCH_PATHS = "$(inherited) @executable_path/Frameworks";
				PRODUCT_BUNDLE_IDENTIFIER = com.mayan.MYGiftAnimation;
				PRODUCT_NAME = "$(TARGET_NAME)";
				TARGETED_DEVICE_FAMILY = "1,2";
			};
			name = Debug;
		};
		BCC53FCC1FA71F680077994A /* Release */ = {
			isa = XCBuildConfiguration;
			buildSettings = {
				ASSETCATALOG_COMPILER_APPICON_NAME = AppIcon;
				CODE_SIGN_STYLE = Automatic;
				DEVELOPMENT_TEAM = T5Y5G8MDK4;
				INFOPLIST_FILE = MYGiftAnimation/Info.plist;
				IPHONEOS_DEPLOYMENT_TARGET = 8.0;
				LD_RUNPATH_SEARCH_PATHS = "$(inherited) @executable_path/Frameworks";
				PRODUCT_BUNDLE_IDENTIFIER = com.mayan.MYGiftAnimation;
				PRODUCT_NAME = "$(TARGET_NAME)";
				TARGETED_DEVICE_FAMILY = "1,2";
			};
			name = Release;
		};
		BCC53FCE1FA71F680077994A /* Debug */ = {
			isa = XCBuildConfiguration;
			buildSettings = {
				BUNDLE_LOADER = "$(TEST_HOST)";
				CODE_SIGN_STYLE = Automatic;
				DEVELOPMENT_TEAM = T5Y5G8MDK4;
				INFOPLIST_FILE = MYGiftAnimationTests/Info.plist;
				LD_RUNPATH_SEARCH_PATHS = "$(inherited) @executable_path/Frameworks @loader_path/Frameworks";
				PRODUCT_BUNDLE_IDENTIFIER = com.mayan.MYGiftAnimationTests;
				PRODUCT_NAME = "$(TARGET_NAME)";
				TARGETED_DEVICE_FAMILY = "1,2";
				TEST_HOST = "$(BUILT_PRODUCTS_DIR)/MYGiftAnimation.app/MYGiftAnimation";
			};
			name = Debug;
		};
		BCC53FCF1FA71F680077994A /* Release */ = {
			isa = XCBuildConfiguration;
			buildSettings = {
				BUNDLE_LOADER = "$(TEST_HOST)";
				CODE_SIGN_STYLE = Automatic;
				DEVELOPMENT_TEAM = T5Y5G8MDK4;
				INFOPLIST_FILE = MYGiftAnimationTests/Info.plist;
				LD_RUNPATH_SEARCH_PATHS = "$(inherited) @executable_path/Frameworks @loader_path/Frameworks";
				PRODUCT_BUNDLE_IDENTIFIER = com.mayan.MYGiftAnimationTests;
				PRODUCT_NAME = "$(TARGET_NAME)";
				TARGETED_DEVICE_FAMILY = "1,2";
				TEST_HOST = "$(BUILT_PRODUCTS_DIR)/MYGiftAnimation.app/MYGiftAnimation";
			};
			name = Release;
		};
		BCC53FD11FA71F680077994A /* Debug */ = {
			isa = XCBuildConfiguration;
			buildSettings = {
				CODE_SIGN_STYLE = Automatic;
				DEVELOPMENT_TEAM = T5Y5G8MDK4;
				INFOPLIST_FILE = MYGiftAnimationUITests/Info.plist;
				LD_RUNPATH_SEARCH_PATHS = "$(inherited) @executable_path/Frameworks @loader_path/Frameworks";
				PRODUCT_BUNDLE_IDENTIFIER = com.mayan.MYGiftAnimationUITests;
				PRODUCT_NAME = "$(TARGET_NAME)";
				TARGETED_DEVICE_FAMILY = "1,2";
				TEST_TARGET_NAME = MYGiftAnimation;
			};
			name = Debug;
		};
		BCC53FD21FA71F680077994A /* Release */ = {
			isa = XCBuildConfiguration;
			buildSettings = {
				CODE_SIGN_STYLE = Automatic;
				DEVELOPMENT_TEAM = T5Y5G8MDK4;
				INFOPLIST_FILE = MYGiftAnimationUITests/Info.plist;
				LD_RUNPATH_SEARCH_PATHS = "$(inherited) @executable_path/Frameworks @loader_path/Frameworks";
				PRODUCT_BUNDLE_IDENTIFIER = com.mayan.MYGiftAnimationUITests;
				PRODUCT_NAME = "$(TARGET_NAME)";
				TARGETED_DEVICE_FAMILY = "1,2";
				TEST_TARGET_NAME = MYGiftAnimation;
			};
			name = Release;
		};
/* End XCBuildConfiguration section */

/* Begin XCConfigurationList section */
		BCC53F991FA71F680077994A /* Build configuration list for PBXProject "MYGiftAnimation" */ = {
			isa = XCConfigurationList;
			buildConfigurations = (
				BCC53FC81FA71F680077994A /* Debug */,
				BCC53FC91FA71F680077994A /* Release */,
			);
			defaultConfigurationIsVisible = 0;
			defaultConfigurationName = Release;
		};
		BCC53FCA1FA71F680077994A /* Build configuration list for PBXNativeTarget "MYGiftAnimation" */ = {
			isa = XCConfigurationList;
			buildConfigurations = (
				BCC53FCB1FA71F680077994A /* Debug */,
				BCC53FCC1FA71F680077994A /* Release */,
			);
			defaultConfigurationIsVisible = 0;
			defaultConfigurationName = Release;
		};
		BCC53FCD1FA71F680077994A /* Build configuration list for PBXNativeTarget "MYGiftAnimationTests" */ = {
			isa = XCConfigurationList;
			buildConfigurations = (
				BCC53FCE1FA71F680077994A /* Debug */,
				BCC53FCF1FA71F680077994A /* Release */,
			);
			defaultConfigurationIsVisible = 0;
			defaultConfigurationName = Release;
		};
		BCC53FD01FA71F680077994A /* Build configuration list for PBXNativeTarget "MYGiftAnimationUITests" */ = {
			isa = XCConfigurationList;
			buildConfigurations = (
				BCC53FD11FA71F680077994A /* Debug */,
				BCC53FD21FA71F680077994A /* Release */,
			);
			defaultConfigurationIsVisible = 0;
			defaultConfigurationName = Release;
		};
/* End XCConfigurationList section */
	};
	rootObject = BCC53F961FA71F680077994A /* Project object */;
}
